<?xml version="1.0" encoding="utf-8"?>
<Project ToolsVersion="4.0" xmlns="http://schemas.microsoft.com/developer/msbuild/2003">
  <ItemGroup>
    <ClCompile Include="ApSetup.cpp" />
    <ClCompile Include="HttpRequest.cpp" />
    <ClCompile Include="HttpServer.cpp" />
    <ClCompile Include="main.cpp" />
    <ClCompile Include="..\common\Esp8266.cpp">
      <Filter>common</Filter>
    </ClCompile>
    <ClCompile Include="..\common\ft232.cpp">
      <Filter>common</Filter>
    </ClCompile>
    <ClCompile Include="..\common\memmem.cpp">
      <Filter>common</Filter>
    </ClCompile>
    <ClCompile Include="..\common\PersistedSettings.cpp">
      <Filter>common</Filter>
    </ClCompile>
  </ItemGroup>
  <ItemGroup>
    <ClInclude Include="ApSetup.h" />
    <ClInclude Include="HttpRequest.h" />
    <ClInclude Include="HttpServer.h" />
    <ClInclude Include="..\common\Esp8266.h">
      <Filter>common</Filter>
    </ClInclude>
    <ClInclude Include="..\common\ft232.h">
      <Filter>common</Filter>
    </ClInclude>
    <ClInclude Include="..\common\memmem.h">
      <Filter>common</Filter>
    </ClInclude>
    <ClInclude Include="..\common\PersistedSettings.h">
      <Filter>common</Filter>
    </ClInclude>
  </ItemGroup>
  <ItemGroup>
    <Filter Include="common">
      <UniqueIdentifier>{e86c9977-50dc-4432-b660-d9929b7d773c}</UniqueIdentifier>
    </Filter>
  </ItemGroup>
</Project>